// !$*UTF8*$!
{
	archiveVersion = 1;
	classes = {
	};
	objectVersion = 77;
	objects = {

/* Begin PBXBuildFile section */
		14A68D452E32621B0005F2E9 /* NMapsMap in Frameworks */ = {isa = PBXBuildFile; productRef = 14A68D442E32621B0005F2E9 /* NMapsMap */; };
		81D990D22E36AB7D000A622B /* KakaoSDK in Frameworks */ = {isa = PBXBuildFile; productRef = 81D990D12E36AB7D000A622B /* KakaoSDK */; };
		81D990D42E36AB7D000A622B /* KakaoSDKAuth in Frameworks */ = {isa = PBXBuildFile; productRef = 81D990D32E36AB7D000A622B /* KakaoSDKAuth */; };
		81D990D62E36AB7D000A622B /* KakaoSDKCert in Frameworks */ = {isa = PBXBuildFile; productRef = 81D990D52E36AB7D000A622B /* KakaoSDKCert */; };
		81D990D82E36AB7D000A622B /* KakaoSDKCertCore in Frameworks */ = {isa = PBXBuildFile; productRef = 81D990D72E36AB7D000A622B /* KakaoSDKCertCore */; };
		81D990DA2E36AB7D000A622B /* KakaoSDKCommon in Frameworks */ = {isa = PBXBuildFile; productRef = 81D990D92E36AB7D000A622B /* KakaoSDKCommon */; };
		81D990DC2E36B569000A622B /* KakaoSDKFriendResources.bundle in Resources */ = {isa = PBXBuildFile; fileRef = 81D990DB2E36B569000A622B /* KakaoSDKFriendResources.bundle */; };
/* End PBXBuildFile section */

/* Begin PBXContainerItemProxy section */
		146757672E3244E60009354E /* PBXContainerItemProxy */ = {
			isa = PBXContainerItemProxy;
			containerPortal = 146757512E3244E30009354E /* Project object */;
			proxyType = 1;
			remoteGlobalIDString = 146757582E3244E30009354E;
			remoteInfo = Tourding_FE;
		};
		146757712E3244E60009354E /* PBXContainerItemProxy */ = {
			isa = PBXContainerItemProxy;
			containerPortal = 146757512E3244E30009354E /* Project object */;
			proxyType = 1;
			remoteGlobalIDString = 146757582E3244E30009354E;
			remoteInfo = Tourding_FE;
		};
/* End PBXContainerItemProxy section */

/* Begin PBXFileReference section */
		146757592E3244E30009354E /* Tourding_FE.app */ = {isa = PBXFileReference; explicitFileType = wrapper.application; includeInIndex = 0; path = Tourding_FE.app; sourceTree = BUILT_PRODUCTS_DIR; };
		146757662E3244E60009354E /* Tourding_FETests.xctest */ = {isa = PBXFileReference; explicitFileType = wrapper.cfbundle; includeInIndex = 0; path = Tourding_FETests.xctest; sourceTree = BUILT_PRODUCTS_DIR; };
		146757702E3244E60009354E /* Tourding_FEUITests.xctest */ = {isa = PBXFileReference; explicitFileType = wrapper.cfbundle; includeInIndex = 0; path = Tourding_FEUITests.xctest; sourceTree = BUILT_PRODUCTS_DIR; };
		81D990DB2E36B569000A622B /* KakaoSDKFriendResources.bundle */ = {isa = PBXFileReference; lastKnownFileType = "wrapper.plug-in"; path = KakaoSDKFriendResources.bundle; sourceTree = "<group>"; };
/* End PBXFileReference section */

/* Begin PBXFileSystemSynchronizedRootGroup section */
		1467575B2E3244E30009354E /* Tourding_FE */ = {
			isa = PBXFileSystemSynchronizedRootGroup;
			path = Tourding_FE;
			sourceTree = "<group>";
		};
		146757692E3244E60009354E /* Tourding_FETests */ = {
			isa = PBXFileSystemSynchronizedRootGroup;
			path = Tourding_FETests;
			sourceTree = "<group>";
		};
		146757732E3244E60009354E /* Tourding_FEUITests */ = {
			isa = PBXFileSystemSynchronizedRootGroup;
			path = Tourding_FEUITests;
			sourceTree = "<group>";
		};
/* End PBXFileSystemSynchronizedRootGroup section */

/* Begin PBXFrameworksBuildPhase section */
		146757562E3244E30009354E /* Frameworks */ = {
			isa = PBXFrameworksBuildPhase;
			buildActionMask = 2147483647;
			files = (
				14A68D452E32621B0005F2E9 /* NMapsMap in Frameworks */,
				81D990D22E36AB7D000A622B /* KakaoSDK in Frameworks */,
				81D990D82E36AB7D000A622B /* KakaoSDKCertCore in Frameworks */,
				81D990D42E36AB7D000A622B /* KakaoSDKAuth in Frameworks */,
				81D990DA2E36AB7D000A622B /* KakaoSDKCommon in Frameworks */,
				81D990D62E36AB7D000A622B /* KakaoSDKCert in Frameworks */,
			);
			runOnlyForDeploymentPostprocessing = 0;
		};
		146757632E3244E60009354E /* Frameworks */ = {
			isa = PBXFrameworksBuildPhase;
			buildActionMask = 2147483647;
			files = (
			);
			runOnlyForDeploymentPostprocessing = 0;
		};
		1467576D2E3244E60009354E /* Frameworks */ = {
			isa = PBXFrameworksBuildPhase;
			buildActionMask = 2147483647;
			files = (
			);
			runOnlyForDeploymentPostprocessing = 0;
		};
/* End PBXFrameworksBuildPhase section */

/* Begin PBXGroup section */
		146757502E3244E30009354E = {
			isa = PBXGroup;
			children = (
				81D990DB2E36B569000A622B /* KakaoSDKFriendResources.bundle */,
				1467575B2E3244E30009354E /* Tourding_FE */,
				146757692E3244E60009354E /* Tourding_FETests */,
				146757732E3244E60009354E /* Tourding_FEUITests */,
				1467575A2E3244E30009354E /* Products */,
			);
			sourceTree = "<group>";
		};
		1467575A2E3244E30009354E /* Products */ = {
			isa = PBXGroup;
			children = (
				146757592E3244E30009354E /* Tourding_FE.app */,
				146757662E3244E60009354E /* Tourding_FETests.xctest */,
				146757702E3244E60009354E /* Tourding_FEUITests.xctest */,
			);
			name = Products;
			sourceTree = "<group>";
		};
/* End PBXGroup section */

/* Begin PBXNativeTarget section */
		146757582E3244E30009354E /* Tourding_FE */ = {
			isa = PBXNativeTarget;
			buildConfigurationList = 1467577A2E3244E60009354E /* Build configuration list for PBXNativeTarget "Tourding_FE" */;
			buildPhases = (
				146757552E3244E30009354E /* Sources */,
				146757562E3244E30009354E /* Frameworks */,
				146757572E3244E30009354E /* Resources */,
			);
			buildRules = (
			);
			dependencies = (
			);
			fileSystemSynchronizedGroups = (
				1467575B2E3244E30009354E /* Tourding_FE */,
			);
			name = Tourding_FE;
			packageProductDependencies = (
				14A68D442E32621B0005F2E9 /* NMapsMap */,
				81D990D12E36AB7D000A622B /* KakaoSDK */,
				81D990D32E36AB7D000A622B /* KakaoSDKAuth */,
				81D990D52E36AB7D000A622B /* KakaoSDKCert */,
				81D990D72E36AB7D000A622B /* KakaoSDKCertCore */,
				81D990D92E36AB7D000A622B /* KakaoSDKCommon */,
			);
			productName = Tourding_FE;
			productReference = 146757592E3244E30009354E /* Tourding_FE.app */;
			productType = "com.apple.product-type.application";
		};
		146757652E3244E60009354E /* Tourding_FETests */ = {
			isa = PBXNativeTarget;
			buildConfigurationList = 1467577D2E3244E60009354E /* Build configuration list for PBXNativeTarget "Tourding_FETests" */;
			buildPhases = (
				146757622E3244E60009354E /* Sources */,
				146757632E3244E60009354E /* Frameworks */,
				146757642E3244E60009354E /* Resources */,
			);
			buildRules = (
			);
			dependencies = (
				146757682E3244E60009354E /* PBXTargetDependency */,
			);
			fileSystemSynchronizedGroups = (
				146757692E3244E60009354E /* Tourding_FETests */,
			);
			name = Tourding_FETests;
			packageProductDependencies = (
			);
			productName = Tourding_FETests;
			productReference = 146757662E3244E60009354E /* Tourding_FETests.xctest */;
			productType = "com.apple.product-type.bundle.unit-test";
		};
		1467576F2E3244E60009354E /* Tourding_FEUITests */ = {
			isa = PBXNativeTarget;
			buildConfigurationList = 146757802E3244E60009354E /* Build configuration list for PBXNativeTarget "Tourding_FEUITests" */;
			buildPhases = (
				1467576C2E3244E60009354E /* Sources */,
				1467576D2E3244E60009354E /* Frameworks */,
				1467576E2E3244E60009354E /* Resources */,
			);
			buildRules = (
			);
			dependencies = (
				146757722E3244E60009354E /* PBXTargetDependency */,
			);
			fileSystemSynchronizedGroups = (
				146757732E3244E60009354E /* Tourding_FEUITests */,
			);
			name = Tourding_FEUITests;
			packageProductDependencies = (
			);
			productName = Tourding_FEUITests;
			productReference = 146757702E3244E60009354E /* Tourding_FEUITests.xctest */;
			productType = "com.apple.product-type.bundle.ui-testing";
		};
/* End PBXNativeTarget section */

/* Begin PBXProject section */
		146757512E3244E30009354E /* Project object */ = {
			isa = PBXProject;
			attributes = {
				BuildIndependentTargetsInParallel = 1;
				LastSwiftUpdateCheck = 1640;
				LastUpgradeCheck = 1640;
				TargetAttributes = {
					146757582E3244E30009354E = {
						CreatedOnToolsVersion = 16.4;
					};
					146757652E3244E60009354E = {
						CreatedOnToolsVersion = 16.4;
						TestTargetID = 146757582E3244E30009354E;
					};
					1467576F2E3244E60009354E = {
						CreatedOnToolsVersion = 16.4;
						TestTargetID = 146757582E3244E30009354E;
					};
				};
			};
			buildConfigurationList = 146757542E3244E30009354E /* Build configuration list for PBXProject "Tourding_FE" */;
			developmentRegion = en;
			hasScannedForEncodings = 0;
			knownRegions = (
				en,
				Base,
			);
			mainGroup = 146757502E3244E30009354E;
			minimizedProjectReferenceProxies = 1;
			packageReferences = (
				14A68D432E32621B0005F2E9 /* XCRemoteSwiftPackageReference "SPM-NMapsMap" */,
				81D990D02E36AB7D000A622B /* XCRemoteSwiftPackageReference "kakao-ios-sdk" */,
			);
			preferredProjectObjectVersion = 77;
			productRefGroup = 1467575A2E3244E30009354E /* Products */;
			projectDirPath = "";
			projectRoot = "";
			targets = (
				146757582E3244E30009354E /* Tourding_FE */,
				146757652E3244E60009354E /* Tourding_FETests */,
				1467576F2E3244E60009354E /* Tourding_FEUITests */,
			);
		};
/* End PBXProject section */

/* Begin PBXResourcesBuildPhase section */
		146757572E3244E30009354E /* Resources */ = {
			isa = PBXResourcesBuildPhase;
			buildActionMask = 2147483647;
			files = (
				81D990DC2E36B569000A622B /* KakaoSDKFriendResources.bundle in Resources */,
			);
			runOnlyForDeploymentPostprocessing = 0;
		};
		146757642E3244E60009354E /* Resources */ = {
			isa = PBXResourcesBuildPhase;
			buildActionMask = 2147483647;
			files = (
			);
			runOnlyForDeploymentPostprocessing = 0;
		};
		1467576E2E3244E60009354E /* Resources */ = {
			isa = PBXResourcesBuildPhase;
			buildActionMask = 2147483647;
			files = (
			);
			runOnlyForDeploymentPostprocessing = 0;
		};
/* End PBXResourcesBuildPhase section */

/* Begin PBXSourcesBuildPhase section */
		146757552E3244E30009354E /* Sources */ = {
			isa = PBXSourcesBuildPhase;
			buildActionMask = 2147483647;
			files = (
			);
			runOnlyForDeploymentPostprocessing = 0;
		};
		146757622E3244E60009354E /* Sources */ = {
			isa = PBXSourcesBuildPhase;
			buildActionMask = 2147483647;
			files = (
			);
			runOnlyForDeploymentPostprocessing = 0;
		};
		1467576C2E3244E60009354E /* Sources */ = {
			isa = PBXSourcesBuildPhase;
			buildActionMask = 2147483647;
			files = (
			);
			runOnlyForDeploymentPostprocessing = 0;
		};
/* End PBXSourcesBuildPhase section */

/* Begin PBXTargetDependency section */
		146757682E3244E60009354E /* PBXTargetDependency */ = {
			isa = PBXTargetDependency;
			target = 146757582E3244E30009354E /* Tourding_FE */;
			targetProxy = 146757672E3244E60009354E /* PBXContainerItemProxy */;
		};
		146757722E3244E60009354E /* PBXTargetDependency */ = {
			isa = PBXTargetDependency;
			target = 146757582E3244E30009354E /* Tourding_FE */;
			targetProxy = 146757712E3244E60009354E /* PBXContainerItemProxy */;
		};
/* End PBXTargetDependency section */

/* Begin XCBuildConfiguration section */
		146757782E3244E60009354E /* Debug */ = {
			isa = XCBuildConfiguration;
			baseConfigurationReferenceAnchor = 1467575B2E3244E30009354E /* Tourding_FE */;
			baseConfigurationReferenceRelativePath = Config.xcconfig;
			buildSettings = {
				ALWAYS_SEARCH_USER_PATHS = NO;
				ASSETCATALOG_COMPILER_GENERATE_SWIFT_ASSET_SYMBOL_EXTENSIONS = YES;
				CLANG_ANALYZER_NONNULL = YES;
				CLANG_ANALYZER_NUMBER_OBJECT_CONVERSION = YES_AGGRESSIVE;
				CLANG_CXX_LANGUAGE_STANDARD = "gnu++20";
				CLANG_ENABLE_MODULES = YES;
				CLANG_ENABLE_OBJC_ARC = YES;
				CLANG_ENABLE_OBJC_WEAK = YES;
				CLANG_WARN_BLOCK_CAPTURE_AUTORELEASING = YES;
				CLANG_WARN_BOOL_CONVERSION = YES;
				CLANG_WARN_COMMA = YES;
				CLANG_WARN_CONSTANT_CONVERSION = YES;
				CLANG_WARN_DEPRECATED_OBJC_IMPLEMENTATIONS = YES;
				CLANG_WARN_DIRECT_OBJC_ISA_USAGE = YES_ERROR;
				CLANG_WARN_DOCUMENTATION_COMMENTS = YES;
				CLANG_WARN_EMPTY_BODY = YES;
				CLANG_WARN_ENUM_CONVERSION = YES;
				CLANG_WARN_INFINITE_RECURSION = YES;
				CLANG_WARN_INT_CONVERSION = YES;
				CLANG_WARN_NON_LITERAL_NULL_CONVERSION = YES;
				CLANG_WARN_OBJC_IMPLICIT_RETAIN_SELF = YES;
				CLANG_WARN_OBJC_LITERAL_CONVERSION = YES;
				CLANG_WARN_OBJC_ROOT_CLASS = YES_ERROR;
				CLANG_WARN_QUOTED_INCLUDE_IN_FRAMEWORK_HEADER = YES;
				CLANG_WARN_RANGE_LOOP_ANALYSIS = YES;
				CLANG_WARN_STRICT_PROTOTYPES = YES;
				CLANG_WARN_SUSPICIOUS_MOVE = YES;
				CLANG_WARN_UNGUARDED_AVAILABILITY = YES_AGGRESSIVE;
				CLANG_WARN_UNREACHABLE_CODE = YES;
				CLANG_WARN__DUPLICATE_METHOD_MATCH = YES;
				COPY_PHASE_STRIP = NO;
				DEBUG_INFORMATION_FORMAT = dwarf;
				DEVELOPMENT_TEAM = QPXSR9M985;
				ENABLE_STRICT_OBJC_MSGSEND = YES;
				ENABLE_TESTABILITY = YES;
				ENABLE_USER_SCRIPT_SANDBOXING = YES;
				GCC_C_LANGUAGE_STANDARD = gnu17;
				GCC_DYNAMIC_NO_PIC = NO;
				GCC_NO_COMMON_BLOCKS = YES;
				GCC_OPTIMIZATION_LEVEL = 0;
				GCC_PREPROCESSOR_DEFINITIONS = (
					"DEBUG=1",
					"$(inherited)",
				);
				GCC_WARN_64_TO_32_BIT_CONVERSION = YES;
				GCC_WARN_ABOUT_RETURN_TYPE = YES_ERROR;
				GCC_WARN_UNDECLARED_SELECTOR = YES;
				GCC_WARN_UNINITIALIZED_AUTOS = YES_AGGRESSIVE;
				GCC_WARN_UNUSED_FUNCTION = YES;
				GCC_WARN_UNUSED_VARIABLE = YES;
				IPHONEOS_DEPLOYMENT_TARGET = 18.5;
				LOCALIZATION_PREFERS_STRING_CATALOGS = YES;
				MTL_ENABLE_DEBUG_INFO = INCLUDE_SOURCE;
				MTL_FAST_MATH = YES;
				ONLY_ACTIVE_ARCH = YES;
				SDKROOT = iphoneos;
				SWIFT_ACTIVE_COMPILATION_CONDITIONS = "DEBUG $(inherited)";
				SWIFT_OPTIMIZATION_LEVEL = "-Onone";
			};
			name = Debug;
		};
		146757792E3244E60009354E /* Release */ = {
			isa = XCBuildConfiguration;
			baseConfigurationReferenceAnchor = 1467575B2E3244E30009354E /* Tourding_FE */;
			baseConfigurationReferenceRelativePath = Config.xcconfig;
			buildSettings = {
				ALWAYS_SEARCH_USER_PATHS = NO;
				ASSETCATALOG_COMPILER_GENERATE_SWIFT_ASSET_SYMBOL_EXTENSIONS = YES;
				CLANG_ANALYZER_NONNULL = YES;
				CLANG_ANALYZER_NUMBER_OBJECT_CONVERSION = YES_AGGRESSIVE;
				CLANG_CXX_LANGUAGE_STANDARD = "gnu++20";
				CLANG_ENABLE_MODULES = YES;
				CLANG_ENABLE_OBJC_ARC = YES;
				CLANG_ENABLE_OBJC_WEAK = YES;
				CLANG_WARN_BLOCK_CAPTURE_AUTORELEASING = YES;
				CLANG_WARN_BOOL_CONVERSION = YES;
				CLANG_WARN_COMMA = YES;
				CLANG_WARN_CONSTANT_CONVERSION = YES;
				CLANG_WARN_DEPRECATED_OBJC_IMPLEMENTATIONS = YES;
				CLANG_WARN_DIRECT_OBJC_ISA_USAGE = YES_ERROR;
				CLANG_WARN_DOCUMENTATION_COMMENTS = YES;
				CLANG_WARN_EMPTY_BODY = YES;
				CLANG_WARN_ENUM_CONVERSION = YES;
				CLANG_WARN_INFINITE_RECURSION = YES;
				CLANG_WARN_INT_CONVERSION = YES;
				CLANG_WARN_NON_LITERAL_NULL_CONVERSION = YES;
				CLANG_WARN_OBJC_IMPLICIT_RETAIN_SELF = YES;
				CLANG_WARN_OBJC_LITERAL_CONVERSION = YES;
				CLANG_WARN_OBJC_ROOT_CLASS = YES_ERROR;
				CLANG_WARN_QUOTED_INCLUDE_IN_FRAMEWORK_HEADER = YES;
				CLANG_WARN_RANGE_LOOP_ANALYSIS = YES;
				CLANG_WARN_STRICT_PROTOTYPES = YES;
				CLANG_WARN_SUSPICIOUS_MOVE = YES;
				CLANG_WARN_UNGUARDED_AVAILABILITY = YES_AGGRESSIVE;
				CLANG_WARN_UNREACHABLE_CODE = YES;
				CLANG_WARN__DUPLICATE_METHOD_MATCH = YES;
				COPY_PHASE_STRIP = NO;
				DEBUG_INFORMATION_FORMAT = "dwarf-with-dsym";
				DEVELOPMENT_TEAM = QPXSR9M985;
				ENABLE_NS_ASSERTIONS = NO;
				ENABLE_STRICT_OBJC_MSGSEND = YES;
				ENABLE_USER_SCRIPT_SANDBOXING = YES;
				GCC_C_LANGUAGE_STANDARD = gnu17;
				GCC_NO_COMMON_BLOCKS = YES;
				GCC_WARN_64_TO_32_BIT_CONVERSION = YES;
				GCC_WARN_ABOUT_RETURN_TYPE = YES_ERROR;
				GCC_WARN_UNDECLARED_SELECTOR = YES;
				GCC_WARN_UNINITIALIZED_AUTOS = YES_AGGRESSIVE;
				GCC_WARN_UNUSED_FUNCTION = YES;
				GCC_WARN_UNUSED_VARIABLE = YES;
				IPHONEOS_DEPLOYMENT_TARGET = 18.5;
				LOCALIZATION_PREFERS_STRING_CATALOGS = YES;
				MTL_ENABLE_DEBUG_INFO = NO;
				MTL_FAST_MATH = YES;
				SDKROOT = iphoneos;
				SWIFT_COMPILATION_MODE = wholemodule;
				VALIDATE_PRODUCT = YES;
			};
			name = Release;
		};
		1467577B2E3244E60009354E /* Debug */ = {
			isa = XCBuildConfiguration;
			baseConfigurationReferenceAnchor = 1467575B2E3244E30009354E /* Tourding_FE */;
			baseConfigurationReferenceRelativePath = Config.xcconfig;
			buildSettings = {
				ASSETCATALOG_COMPILER_APPICON_NAME = AppIcon;
				ASSETCATALOG_COMPILER_GLOBAL_ACCENT_COLOR_NAME = AccentColor;
				CODE_SIGN_STYLE = Automatic;
				CURRENT_PROJECT_VERSION = 1;
				DEVELOPMENT_TEAM = XKXAYAYCU7;
				ENABLE_PREVIEWS = YES;
				GENERATE_INFOPLIST_FILE = YES;
				INFOPLIST_FILE = "Tourding-FE-Info.plist";
				INFOPLIST_KEY_UIApplicationSceneManifest_Generation = YES;
				INFOPLIST_KEY_UIApplicationSupportsIndirectInputEvents = YES;
				INFOPLIST_KEY_UILaunchScreen_Generation = YES;
				INFOPLIST_KEY_UISupportedInterfaceOrientations_iPad = "UIInterfaceOrientationPortrait UIInterfaceOrientationPortraitUpsideDown UIInterfaceOrientationLandscapeLeft UIInterfaceOrientationLandscapeRight";
				INFOPLIST_KEY_UISupportedInterfaceOrientations_iPhone = "UIInterfaceOrientationPortrait UIInterfaceOrientationLandscapeLeft UIInterfaceOrientationLandscapeRight";
				IPHONEOS_DEPLOYMENT_TARGET = 17;
				LD_RUNPATH_SEARCH_PATHS = (
					"$(inherited)",
					"@executable_path/Frameworks",
				);
				MARKETING_VERSION = 1.0;
				PRODUCT_BUNDLE_IDENTIFIER = "com.giljjang.Tourding-FE";
				PRODUCT_NAME = "$(TARGET_NAME)";
				SUPPORTED_PLATFORMS = "iphoneos iphonesimulator";
				SUPPORTS_MACCATALYST = NO;
				SUPPORTS_MAC_DESIGNED_FOR_IPHONE_IPAD = NO;
				SUPPORTS_XR_DESIGNED_FOR_IPHONE_IPAD = NO;
				SWIFT_EMIT_LOC_STRINGS = YES;
				SWIFT_VERSION = 5.0;
				TARGETED_DEVICE_FAMILY = 1;
			};
			name = Debug;
		};
		1467577C2E3244E60009354E /* Release */ = {
			isa = XCBuildConfiguration;
			baseConfigurationReferenceAnchor = 1467575B2E3244E30009354E /* Tourding_FE */;
			baseConfigurationReferenceRelativePath = Config.xcconfig;
			buildSettings = {
				ASSETCATALOG_COMPILER_APPICON_NAME = AppIcon;
				ASSETCATALOG_COMPILER_GLOBAL_ACCENT_COLOR_NAME = AccentColor;
				CODE_SIGN_STYLE = Automatic;
				CURRENT_PROJECT_VERSION = 1;
				DEVELOPMENT_TEAM = XKXAYAYCU7;
				ENABLE_PREVIEWS = YES;
				GENERATE_INFOPLIST_FILE = YES;
				INFOPLIST_FILE = "Tourding-FE-Info.plist";
				INFOPLIST_KEY_UIApplicationSceneManifest_Generation = YES;
				INFOPLIST_KEY_UIApplicationSupportsIndirectInputEvents = YES;
				INFOPLIST_KEY_UILaunchScreen_Generation = YES;
				INFOPLIST_KEY_UISupportedInterfaceOrientations_iPad = "UIInterfaceOrientationPortrait UIInterfaceOrientationPortraitUpsideDown UIInterfaceOrientationLandscapeLeft UIInterfaceOrientationLandscapeRight";
				INFOPLIST_KEY_UISupportedInterfaceOrientations_iPhone = "UIInterfaceOrientationPortrait UIInterfaceOrientationLandscapeLeft UIInterfaceOrientationLandscapeRight";
				IPHONEOS_DEPLOYMENT_TARGET = 17;
				LD_RUNPATH_SEARCH_PATHS = (
					"$(inherited)",
					"@executable_path/Frameworks",
				);
				MARKETING_VERSION = 1.0;
				PRODUCT_BUNDLE_IDENTIFIER = "com.giljjang.Tourding-FE";
				PRODUCT_NAME = "$(TARGET_NAME)";
				SUPPORTED_PLATFORMS = "iphoneos iphonesimulator";
				SUPPORTS_MACCATALYST = NO;
				SUPPORTS_MAC_DESIGNED_FOR_IPHONE_IPAD = NO;
				SUPPORTS_XR_DESIGNED_FOR_IPHONE_IPAD = NO;
				SWIFT_EMIT_LOC_STRINGS = YES;
				SWIFT_VERSION = 5.0;
				TARGETED_DEVICE_FAMILY = 1;
			};
			name = Release;
		};
		1467577E2E3244E60009354E /* Debug */ = {
			isa = XCBuildConfiguration;
			buildSettings = {
				BUNDLE_LOADER = "$(TEST_HOST)";
				CODE_SIGN_STYLE = Automatic;
				CURRENT_PROJECT_VERSION = 1;
				DEVELOPMENT_TEAM = QPXSR9M985;
				GENERATE_INFOPLIST_FILE = YES;
				IPHONEOS_DEPLOYMENT_TARGET = 18.5;
				MARKETING_VERSION = 1.0;
				PRODUCT_BUNDLE_IDENTIFIER = "com.giljjang.Tourding-FETests";
				PRODUCT_NAME = "$(TARGET_NAME)";
				SWIFT_EMIT_LOC_STRINGS = NO;
				SWIFT_VERSION = 5.0;
				TARGETED_DEVICE_FAMILY = "1,2";
				TEST_HOST = "$(BUILT_PRODUCTS_DIR)/Tourding_FE.app/$(BUNDLE_EXECUTABLE_FOLDER_PATH)/Tourding_FE";
			};
			name = Debug;
		};
		1467577F2E3244E60009354E /* Release */ = {
			isa = XCBuildConfiguration;
			buildSettings = {
				BUNDLE_LOADER = "$(TEST_HOST)";
				CODE_SIGN_STYLE = Automatic;
				CURRENT_PROJECT_VERSION = 1;
				DEVELOPMENT_TEAM = QPXSR9M985;
				GENERATE_INFOPLIST_FILE = YES;
				IPHONEOS_DEPLOYMENT_TARGET = 18.5;
				MARKETING_VERSION = 1.0;
				PRODUCT_BUNDLE_IDENTIFIER = "com.giljjang.Tourding-FETests";
				PRODUCT_NAME = "$(TARGET_NAME)";
				SWIFT_EMIT_LOC_STRINGS = NO;
				SWIFT_VERSION = 5.0;
				TARGETED_DEVICE_FAMILY = "1,2";
				TEST_HOST = "$(BUILT_PRODUCTS_DIR)/Tourding_FE.app/$(BUNDLE_EXECUTABLE_FOLDER_PATH)/Tourding_FE";
			};
			name = Release;
		};
		146757812E3244E60009354E /* Debug */ = {
			isa = XCBuildConfiguration;
			buildSettings = {
				CODE_SIGN_STYLE = Automatic;
				CURRENT_PROJECT_VERSION = 1;
				DEVELOPMENT_TEAM = QPXSR9M985;
				GENERATE_INFOPLIST_FILE = YES;
				MARKETING_VERSION = 1.0;
				PRODUCT_BUNDLE_IDENTIFIER = "com.giljjang.Tourding-FEUITests";
				PRODUCT_NAME = "$(TARGET_NAME)";
				SWIFT_EMIT_LOC_STRINGS = NO;
				SWIFT_VERSION = 5.0;
				TARGETED_DEVICE_FAMILY = "1,2";
				TEST_TARGET_NAME = Tourding_FE;
			};
			name = Debug;
		};
		146757822E3244E60009354E /* Release */ = {
			isa = XCBuildConfiguration;
			buildSettings = {
				CODE_SIGN_STYLE = Automatic;
				CURRENT_PROJECT_VERSION = 1;
				DEVELOPMENT_TEAM = QPXSR9M985;
				GENERATE_INFOPLIST_FILE = YES;
				MARKETING_VERSION = 1.0;
				PRODUCT_BUNDLE_IDENTIFIER = "com.giljjang.Tourding-FEUITests";
				PRODUCT_NAME = "$(TARGET_NAME)";
				SWIFT_EMIT_LOC_STRINGS = NO;
				SWIFT_VERSION = 5.0;
				TARGETED_DEVICE_FAMILY = "1,2";
				TEST_TARGET_NAME = Tourding_FE;
			};
			name = Release;
		};
/* End XCBuildConfiguration section */

/* Begin XCConfigurationList section */
		146757542E3244E30009354E /* Build configuration list for PBXProject "Tourding_FE" */ = {
			isa = XCConfigurationList;
			buildConfigurations = (
				146757782E3244E60009354E /* Debug */,
				146757792E3244E60009354E /* Release */,
			);
			defaultConfigurationIsVisible = 0;
			defaultConfigurationName = Release;
		};
		1467577A2E3244E60009354E /* Build configuration list for PBXNativeTarget "Tourding_FE" */ = {
			isa = XCConfigurationList;
			buildConfigurations = (
				1467577B2E3244E60009354E /* Debug */,
				1467577C2E3244E60009354E /* Release */,
			);
			defaultConfigurationIsVisible = 0;
			defaultConfigurationName = Release;
		};
		1467577D2E3244E60009354E /* Build configuration list for PBXNativeTarget "Tourding_FETests" */ = {
			isa = XCConfigurationList;
			buildConfigurations = (
				1467577E2E3244E60009354E /* Debug */,
				1467577F2E3244E60009354E /* Release */,
			);
			defaultConfigurationIsVisible = 0;
			defaultConfigurationName = Release;
		};
		146757802E3244E60009354E /* Build configuration list for PBXNativeTarget "Tourding_FEUITests" */ = {
			isa = XCConfigurationList;
			buildConfigurations = (
				146757812E3244E60009354E /* Debug */,
				146757822E3244E60009354E /* Release */,
			);
			defaultConfigurationIsVisible = 0;
			defaultConfigurationName = Release;
		};
/* End XCConfigurationList section */

/* Begin XCRemoteSwiftPackageReference section */
		14A68D432E32621B0005F2E9 /* XCRemoteSwiftPackageReference "SPM-NMapsMap" */ = {
			isa = XCRemoteSwiftPackageReference;
			repositoryURL = "https://github.com/navermaps/SPM-NMapsMap";
			requirement = {
				kind = upToNextMajorVersion;
				minimumVersion = 3.22.0;
			};
		};
		81D990D02E36AB7D000A622B /* XCRemoteSwiftPackageReference "kakao-ios-sdk" */ = {
			isa = XCRemoteSwiftPackageReference;
			repositoryURL = "https://github.com/kakao/kakao-ios-sdk";
			requirement = {
				kind = upToNextMajorVersion;
				minimumVersion = 2.24.5;
			};
		};
/* End XCRemoteSwiftPackageReference section */

/* Begin XCSwiftPackageProductDependency section */
		14A68D442E32621B0005F2E9 /* NMapsMap */ = {
			isa = XCSwiftPackageProductDependency;
			package = 14A68D432E32621B0005F2E9 /* XCRemoteSwiftPackageReference "SPM-NMapsMap" */;
			productName = NMapsMap;
		};
		81D990D12E36AB7D000A622B /* KakaoSDK */ = {
			isa = XCSwiftPackageProductDependency;
			package = 81D990D02E36AB7D000A622B /* XCRemoteSwiftPackageReference "kakao-ios-sdk" */;
			productName = KakaoSDK;
		};
		81D990D32E36AB7D000A622B /* KakaoSDKAuth */ = {
			isa = XCSwiftPackageProductDependency;
			package = 81D990D02E36AB7D000A622B /* XCRemoteSwiftPackageReference "kakao-ios-sdk" */;
			productName = KakaoSDKAuth;
		};
		81D990D52E36AB7D000A622B /* KakaoSDKCert */ = {
			isa = XCSwiftPackageProductDependency;
			package = 81D990D02E36AB7D000A622B /* XCRemoteSwiftPackageReference "kakao-ios-sdk" */;
			productName = KakaoSDKCert;
		};
		81D990D72E36AB7D000A622B /* KakaoSDKCertCore */ = {
			isa = XCSwiftPackageProductDependency;
			package = 81D990D02E36AB7D000A622B /* XCRemoteSwiftPackageReference "kakao-ios-sdk" */;
			productName = KakaoSDKCertCore;
		};
		81D990D92E36AB7D000A622B /* KakaoSDKCommon */ = {
			isa = XCSwiftPackageProductDependency;
			package = 81D990D02E36AB7D000A622B /* XCRemoteSwiftPackageReference "kakao-ios-sdk" */;
			productName = KakaoSDKCommon;
		};
/* End XCSwiftPackageProductDependency section */
	};
	rootObject = 146757512E3244E30009354E /* Project object */;
}
