{
  "originHash" : "0ec925295b0d4bf773fcc38a1bb88c9b83b2e643246b9dbd6e78be7f2066f823",
  "pins" : [
    {
      "identity" : "alamofire",
      "kind" : "remoteSourceControl",
      "location" : "https://github.com/Alamofire/Alamofire.git",
      "state" : {
        "revision" : "513364f870f6bfc468f9d2ff0a95caccc10044c5",
        "version" : "5.10.2"
      }
    },
    {
      "identity" : "kakao-ios-sdk",
      "kind" : "remoteSourceControl",
      "location" : "https://github.com/kakao/kakao-ios-sdk",
      "state" : {
        "revision" : "394ccfc67b206894f55dcaf2dd15e06bf451c4d3",
        "version" : "2.24.5"
      }
    },
    {
      "identity" : "sdwebimage",
      "kind" : "remoteSourceControl",
      "location" : "https://github.com/SDWebImage/SDWebImage.git",
      "state" : {
        "revision" : "34cf2423a2c4088d06a3b08655603b5bc3eeeb3a",
        "version" : "5.21.2"
      }
    },
    {
      "identity" : "sdwebimageswiftui",
      "kind" : "remoteSourceControl",
      "location" : "https://github.com/SDWebImage/SDWebImageSwiftUI",
      "state" : {
        "revision" : "451c6dfd5ecec2cf626d1d9ca81c2d4a60355172",
        "version" : "3.1.3"
      }
    },
    {
      "identity" : "spm-nmapsgeometry",
      "kind" : "remoteSourceControl",
      "location" : "https://github.com/navermaps/SPM-NMapsGeometry.git",
      "state" : {
        "revision" : "436d5e2e684f557faf5ef5862fd6633a42d7af11",
        "version" : "1.0.2"
      }
    },
    {
      "identity" : "spm-nmapsmap",
      "kind" : "remoteSourceControl",
      "location" : "https://github.com/navermaps/SPM-NMapsMap",
      "state" : {
        "revision" : "13a6d280a57c4ebab8320e2d5bf3ce89adacf95e",
        "version" : "3.22.0"
      }
    }
  ],
  "version" : 3
}
